// !$*UTF8*$!
{
	archiveVersion = 1;
	classes = {
	};
	objectVersion = 46;
	objects = {

/* Begin PBXBuildFile section */
		26E91C211C1E6876006D587A /* main.m in Sources */ = {isa = PBXBuildFile; fileRef = 26E91C201C1E6876006D587A /* main.m */; };
		26E91C241C1E6876006D587A /* AppDelegate.m in Sources */ = {isa = PBXBuildFile; fileRef = 26E91C231C1E6876006D587A /* AppDelegate.m */; };
		26E91C271C1E6876006D587A /* ViewController.m in Sources */ = {isa = PBXBuildFile; fileRef = 26E91C261C1E6876006D587A /* ViewController.m */; };
		26E91C2A1C1E6876006D587A /* Main.storyboard in Resources */ = {isa = PBXBuildFile; fileRef = 26E91C281C1E6876006D587A /* Main.storyboard */; };
		26E91C2C1C1E6876006D587A /* Assets.xcassets in Resources */ = {isa = PBXBuildFile; fileRef = 26E91C2B1C1E6876006D587A /* Assets.xcassets */; };
		26E91C2F1C1E6876006D587A /* LaunchScreen.storyboard in Resources */ = {isa = PBXBuildFile; fileRef = 26E91C2D1C1E6876006D587A /* LaunchScreen.storyboard */; };
		26E91C3A1C1E6876006D587A /* MailCore2ExampleTests.m in Sources */ = {isa = PBXBuildFile; fileRef = 26E91C391C1E6876006D587A /* MailCore2ExampleTests.m */; };
		26E91C451C1E6876006D587A /* MailCore2ExampleUITests.m in Sources */ = {isa = PBXBuildFile; fileRef = 26E91C441C1E6876006D587A /* MailCore2ExampleUITests.m */; };
		C57F9765091DA370757A5CFA /* libPods-MailCore2Example.a in Frameworks */ = {isa = PBXBuildFile; fileRef = A930E8DD9EAD7A4CDFBFBD6A /* libPods-MailCore2Example.a */; };
/* End PBXBuildFile section */

/* Begin PBXContainerItemProxy section */
		26E91C361C1E6876006D587A /* PBXContainerItemProxy */ = {
			isa = PBXContainerItemProxy;
			containerPortal = 26E91C141C1E6876006D587A /* Project object */;
			proxyType = 1;
			remoteGlobalIDString = 26E91C1B1C1E6876006D587A;
			remoteInfo = MailCore2Example;
		};
		26E91C411C1E6876006D587A /* PBXContainerItemProxy */ = {
			isa = PBXContainerItemProxy;
			containerPortal = 26E91C141C1E6876006D587A /* Project object */;
			proxyType = 1;
			remoteGlobalIDString = 26E91C1B1C1E6876006D587A;
			remoteInfo = MailCore2Example;
		};
/* End PBXContainerItemProxy section */

/* Begin PBXFileReference section */
		0ED1E972E9F8A50D268FDF0D /* Pods-MailCore2Example.debug.xcconfig */ = {isa = PBXFileReference; includeInIndex = 1; lastKnownFileType = text.xcconfig; name = "Pods-MailCore2Example.debug.xcconfig"; path = "Pods/Target Support Files/Pods-MailCore2Example/Pods-MailCore2Example.debug.xcconfig"; sourceTree = "<group>"; };
		26E91C1C1C1E6876006D587A /* MailCore2Example.app */ = {isa = PBXFileReference; explicitFileType = wrapper.application; includeInIndex = 0; path = MailCore2Example.app; sourceTree = BUILT_PRODUCTS_DIR; };
		26E91C201C1E6876006D587A /* main.m */ = {isa = PBXFileReference; lastKnownFileType = sourcecode.c.objc; path = main.m; sourceTree = "<group>"; };
		26E91C221C1E6876006D587A /* AppDelegate.h */ = {isa = PBXFileReference; lastKnownFileType = sourcecode.c.h; path = AppDelegate.h; sourceTree = "<group>"; };
		26E91C231C1E6876006D587A /* AppDelegate.m */ = {isa = PBXFileReference; lastKnownFileType = sourcecode.c.objc; path = AppDelegate.m; sourceTree = "<group>"; };
		26E91C251C1E6876006D587A /* ViewController.h */ = {isa = PBXFileReference; lastKnownFileType = sourcecode.c.h; path = ViewController.h; sourceTree = "<group>"; };
		26E91C261C1E6876006D587A /* ViewController.m */ = {isa = PBXFileReference; lastKnownFileType = sourcecode.c.objc; path = ViewController.m; sourceTree = "<group>"; };
		26E91C291C1E6876006D587A /* Base */ = {isa = PBXFileReference; lastKnownFileType = file.storyboard; name = Base; path = Base.lproj/Main.storyboard; sourceTree = "<group>"; };
		26E91C2B1C1E6876006D587A /* Assets.xcassets */ = {isa = PBXFileReference; lastKnownFileType = folder.assetcatalog; path = Assets.xcassets; sourceTree = "<group>"; };
		26E91C2E1C1E6876006D587A /* Base */ = {isa = PBXFileReference; lastKnownFileType = file.storyboard; name = Base; path = Base.lproj/LaunchScreen.storyboard; sourceTree = "<group>"; };
		26E91C301C1E6876006D587A /* Info.plist */ = {isa = PBXFileReference; lastKnownFileType = text.plist.xml; path = Info.plist; sourceTree = "<group>"; };
		26E91C351C1E6876006D587A /* MailCore2ExampleTests.xctest */ = {isa = PBXFileReference; explicitFileType = wrapper.cfbundle; includeInIndex = 0; path = MailCore2ExampleTests.xctest; sourceTree = BUILT_PRODUCTS_DIR; };
		26E91C391C1E6876006D587A /* MailCore2ExampleTests.m */ = {isa = PBXFileReference; lastKnownFileType = sourcecode.c.objc; path = MailCore2ExampleTests.m; sourceTree = "<group>"; };
		26E91C3B1C1E6876006D587A /* Info.plist */ = {isa = PBXFileReference; lastKnownFileType = text.plist.xml; path = Info.plist; sourceTree = "<group>"; };
		26E91C401C1E6876006D587A /* MailCore2ExampleUITests.xctest */ = {isa = PBXFileReference; explicitFileType = wrapper.cfbundle; includeInIndex = 0; path = MailCore2ExampleUITests.xctest; sourceTree = BUILT_PRODUCTS_DIR; };
		26E91C441C1E6876006D587A /* MailCore2ExampleUITests.m */ = {isa = PBXFileReference; lastKnownFileType = sourcecode.c.objc; path = MailCore2ExampleUITests.m; sourceTree = "<group>"; };
		26E91C461C1E6876006D587A /* Info.plist */ = {isa = PBXFileReference; lastKnownFileType = text.plist.xml; path = Info.plist; sourceTree = "<group>"; };
		67774A9807FF5E85813C5219 /* Pods-MailCore2Example.release.xcconfig */ = {isa = PBXFileReference; includeInIndex = 1; lastKnownFileType = text.xcconfig; name = "Pods-MailCore2Example.release.xcconfig"; path = "Pods/Target Support Files/Pods-MailCore2Example/Pods-MailCore2Example.release.xcconfig"; sourceTree = "<group>"; };
		A930E8DD9EAD7A4CDFBFBD6A /* libPods-MailCore2Example.a */ = {isa = PBXFileReference; explicitFileType = archive.ar; includeInIndex = 0; path = "libPods-MailCore2Example.a"; sourceTree = BUILT_PRODUCTS_DIR; };
/* End PBXFileReference section */

/* Begin PBXFrameworksBuildPhase section */
		26E91C191C1E6876006D587A /* Frameworks */ = {
			isa = PBXFrameworksBuildPhase;
			buildActionMask = 2147483647;
			files = (
				C57F9765091DA370757A5CFA /* libPods-MailCore2Example.a in Frameworks */,
			);
			runOnlyForDeploymentPostprocessing = 0;
		};
		26E91C321C1E6876006D587A /* Frameworks */ = {
			isa = PBXFrameworksBuildPhase;
			buildActionMask = 2147483647;
			files = (
			);
			runOnlyForDeploymentPostprocessing = 0;
		};
		26E91C3D1C1E6876006D587A /* Frameworks */ = {
			isa = PBXFrameworksBuildPhase;
			buildActionMask = 2147483647;
			files = (
			);
			runOnlyForDeploymentPostprocessing = 0;
		};
/* End PBXFrameworksBuildPhase section */

/* Begin PBXGroup section */
		26E91C131C1E6876006D587A = {
			isa = PBXGroup;
			children = (
				26E91C1E1C1E6876006D587A /* MailCore2Example */,
				26E91C381C1E6876006D587A /* MailCore2ExampleTests */,
				26E91C431C1E6876006D587A /* MailCore2ExampleUITests */,
				26E91C1D1C1E6876006D587A /* Products */,
				D334E46C543082646D5CEA42 /* Pods */,
				FF889E1E86A05106F6A53F62 /* Frameworks */,
			);
			sourceTree = "<group>";
		};
		26E91C1D1C1E6876006D587A /* Products */ = {
			isa = PBXGroup;
			children = (
				26E91C1C1C1E6876006D587A /* MailCore2Example.app */,
				26E91C351C1E6876006D587A /* MailCore2ExampleTests.xctest */,
				26E91C401C1E6876006D587A /* MailCore2ExampleUITests.xctest */,
			);
			name = Products;
			sourceTree = "<group>";
		};
		26E91C1E1C1E6876006D587A /* MailCore2Example */ = {
			isa = PBXGroup;
			children = (
				26E91C221C1E6876006D587A /* AppDelegate.h */,
				26E91C231C1E6876006D587A /* AppDelegate.m */,
				26E91C251C1E6876006D587A /* ViewController.h */,
				26E91C261C1E6876006D587A /* ViewController.m */,
				26E91C281C1E6876006D587A /* Main.storyboard */,
				26E91C2B1C1E6876006D587A /* Assets.xcassets */,
				26E91C2D1C1E6876006D587A /* LaunchScreen.storyboard */,
				26E91C301C1E6876006D587A /* Info.plist */,
				26E91C1F1C1E6876006D587A /* Supporting Files */,
			);
			path = MailCore2Example;
			sourceTree = "<group>";
		};
		26E91C1F1C1E6876006D587A /* Supporting Files */ = {
			isa = PBXGroup;
			children = (
				26E91C201C1E6876006D587A /* main.m */,
			);
			name = "Supporting Files";
			sourceTree = "<group>";
		};
		26E91C381C1E6876006D587A /* MailCore2ExampleTests */ = {
			isa = PBXGroup;
			children = (
				26E91C391C1E6876006D587A /* MailCore2ExampleTests.m */,
				26E91C3B1C1E6876006D587A /* Info.plist */,
			);
			path = MailCore2ExampleTests;
			sourceTree = "<group>";
		};
		26E91C431C1E6876006D587A /* MailCore2ExampleUITests */ = {
			isa = PBXGroup;
			children = (
				26E91C441C1E6876006D587A /* MailCore2ExampleUITests.m */,
				26E91C461C1E6876006D587A /* Info.plist */,
			);
			path = MailCore2ExampleUITests;
			sourceTree = "<group>";
		};
		D334E46C543082646D5CEA42 /* Pods */ = {
			isa = PBXGroup;
			children = (
				0ED1E972E9F8A50D268FDF0D /* Pods-MailCore2Example.debug.xcconfig */,
				67774A9807FF5E85813C5219 /* Pods-MailCore2Example.release.xcconfig */,
			);
			name = Pods;
			sourceTree = "<group>";
		};
		FF889E1E86A05106F6A53F62 /* Frameworks */ = {
			isa = PBXGroup;
			children = (
				A930E8DD9EAD7A4CDFBFBD6A /* libPods-MailCore2Example.a */,
			);
			name = Frameworks;
			sourceTree = "<group>";
		};
/* End PBXGroup section */

/* Begin PBXNativeTarget section */
		26E91C1B1C1E6876006D587A /* MailCore2Example */ = {
			isa = PBXNativeTarget;
			buildConfigurationList = 26E91C491C1E6876006D587A /* Build configuration list for PBXNativeTarget "MailCore2Example" */;
			buildPhases = (
				904790437CB8D8F8C33E2187 /* Check Pods Manifest.lock */,
				26E91C181C1E6876006D587A /* Sources */,
				26E91C191C1E6876006D587A /* Frameworks */,
				26E91C1A1C1E6876006D587A /* Resources */,
				11F11F5ECBFFCD584783E90D /* Embed Pods Frameworks */,
				D0112B5D4030509FFAF47D1F /* Copy Pods Resources */,
			);
			buildRules = (
			);
			dependencies = (
			);
			name = MailCore2Example;
			productName = MailCore2Example;
			productReference = 26E91C1C1C1E6876006D587A /* MailCore2Example.app */;
			productType = "com.apple.product-type.application";
		};
		26E91C341C1E6876006D587A /* MailCore2ExampleTests */ = {
			isa = PBXNativeTarget;
			buildConfigurationList = 26E91C4C1C1E6876006D587A /* Build configuration list for PBXNativeTarget "MailCore2ExampleTests" */;
			buildPhases = (
				26E91C311C1E6876006D587A /* Sources */,
				26E91C321C1E6876006D587A /* Frameworks */,
				26E91C331C1E6876006D587A /* Resources */,
			);
			buildRules = (
			);
			dependencies = (
				26E91C371C1E6876006D587A /* PBXTargetDependency */,
			);
			name = MailCore2ExampleTests;
			productName = MailCore2ExampleTests;
			productReference = 26E91C351C1E6876006D587A /* MailCore2ExampleTests.xctest */;
			productType = "com.apple.product-type.bundle.unit-test";
		};
		26E91C3F1C1E6876006D587A /* MailCore2ExampleUITests */ = {
			isa = PBXNativeTarget;
			buildConfigurationList = 26E91C4F1C1E6876006D587A /* Build configuration list for PBXNativeTarget "MailCore2ExampleUITests" */;
			buildPhases = (
				26E91C3C1C1E6876006D587A /* Sources */,
				26E91C3D1C1E6876006D587A /* Frameworks */,
				26E91C3E1C1E6876006D587A /* Resources */,
			);
			buildRules = (
			);
			dependencies = (
				26E91C421C1E6876006D587A /* PBXTargetDependency */,
			);
			name = MailCore2ExampleUITests;
			productName = MailCore2ExampleUITests;
			productReference = 26E91C401C1E6876006D587A /* MailCore2ExampleUITests.xctest */;
			productType = "com.apple.product-type.bundle.ui-testing";
		};
/* End PBXNativeTarget section */

/* Begin PBXProject section */
		26E91C141C1E6876006D587A /* Project object */ = {
			isa = PBXProject;
			attributes = {
				LastUpgradeCheck = 0720;
				ORGANIZATIONNAME = PCCW;
				TargetAttributes = {
					26E91C1B1C1E6876006D587A = {
						CreatedOnToolsVersion = 7.2;
					};
					26E91C341C1E6876006D587A = {
						CreatedOnToolsVersion = 7.2;
						TestTargetID = 26E91C1B1C1E6876006D587A;
					};
					26E91C3F1C1E6876006D587A = {
						CreatedOnToolsVersion = 7.2;
						TestTargetID = 26E91C1B1C1E6876006D587A;
					};
				};
			};
			buildConfigurationList = 26E91C171C1E6876006D587A /* Build configuration list for PBXProject "MailCore2Example" */;
			compatibilityVersion = "Xcode 3.2";
			developmentRegion = English;
			hasScannedForEncodings = 0;
			knownRegions = (
				en,
				Base,
			);
			mainGroup = 26E91C131C1E6876006D587A;
			productRefGroup = 26E91C1D1C1E6876006D587A /* Products */;
			projectDirPath = "";
			projectRoot = "";
			targets = (
				26E91C1B1C1E6876006D587A /* MailCore2Example */,
				26E91C341C1E6876006D587A /* MailCore2ExampleTests */,
				26E91C3F1C1E6876006D587A /* MailCore2ExampleUITests */,
			);
		};
/* End PBXProject section */

/* Begin PBXResourcesBuildPhase section */
		26E91C1A1C1E6876006D587A /* Resources */ = {
			isa = PBXResourcesBuildPhase;
			buildActionMask = 2147483647;
			files = (
				26E91C2F1C1E6876006D587A /* LaunchScreen.storyboard in Resources */,
				26E91C2C1C1E6876006D587A /* Assets.xcassets in Resources */,
				26E91C2A1C1E6876006D587A /* Main.storyboard in Resources */,
			);
			runOnlyForDeploymentPostprocessing = 0;
		};
		26E91C331C1E6876006D587A /* Resources */ = {
			isa = PBXResourcesBuildPhase;
			buildActionMask = 2147483647;
			files = (
			);
			runOnlyForDeploymentPostprocessing = 0;
		};
		26E91C3E1C1E6876006D587A /* Resources */ = {
			isa = PBXResourcesBuildPhase;
			buildActionMask = 2147483647;
			files = (
			);
			runOnlyForDeploymentPostprocessing = 0;
		};
/* End PBXResourcesBuildPhase section */

/* Begin PBXShellScriptBuildPhase section */
		11F11F5ECBFFCD584783E90D /* Embed Pods Frameworks */ = {
			isa = PBXShellScriptBuildPhase;
			buildActionMask = 2147483647;
			files = (
			);
			inputPaths = (
			);
			name = "Embed Pods Frameworks";
			outputPaths = (
			);
			runOnlyForDeploymentPostprocessing = 0;
			shellPath = /bin/sh;
			shellScript = "\"${SRCROOT}/Pods/Target Support Files/Pods-MailCore2Example/Pods-MailCore2Example-frameworks.sh\"\n";
			showEnvVarsInLog = 0;
		};
		904790437CB8D8F8C33E2187 /* Check Pods Manifest.lock */ = {
			isa = PBXShellScriptBuildPhase;
			buildActionMask = 2147483647;
			files = (
			);
			inputPaths = (
			);
			name = "Check Pods Manifest.lock";
			outputPaths = (
			);
			runOnlyForDeploymentPostprocessing = 0;
			shellPath = /bin/sh;
			shellScript = "diff \"${PODS_ROOT}/../Podfile.lock\" \"${PODS_ROOT}/Manifest.lock\" > /dev/null\nif [[ $? != 0 ]] ; then\n    cat << EOM\nerror: The sandbox is not in sync with the Podfile.lock. Run 'pod install' or update your CocoaPods installation.\nEOM\n    exit 1\nfi\n";
			showEnvVarsInLog = 0;
		};
		D0112B5D4030509FFAF47D1F /* Copy Pods Resources */ = {
			isa = PBXShellScriptBuildPhase;
			buildActionMask = 2147483647;
			files = (
			);
			inputPaths = (
			);
			name = "Copy Pods Resources";
			outputPaths = (
			);
			runOnlyForDeploymentPostprocessing = 0;
			shellPath = /bin/sh;
			shellScript = "\"${SRCROOT}/Pods/Target Support Files/Pods-MailCore2Example/Pods-MailCore2Example-resources.sh\"\n";
			showEnvVarsInLog = 0;
		};
/* End PBXShellScriptBuildPhase section */

/* Begin PBXSourcesBuildPhase section */
		26E91C181C1E6876006D587A /* Sources */ = {
			isa = PBXSourcesBuildPhase;
			buildActionMask = 2147483647;
			files = (
				26E91C271C1E6876006D587A /* ViewController.m in Sources */,
				26E91C241C1E6876006D587A /* AppDelegate.m in Sources */,
				26E91C211C1E6876006D587A /* main.m in Sources */,
			);
			runOnlyForDeploymentPostprocessing = 0;
		};
		26E91C311C1E6876006D587A /* Sources */ = {
			isa = PBXSourcesBuildPhase;
			buildActionMask = 2147483647;
			files = (
				26E91C3A1C1E6876006D587A /* MailCore2ExampleTests.m in Sources */,
			);
			runOnlyForDeploymentPostprocessing = 0;
		};
		26E91C3C1C1E6876006D587A /* Sources */ = {
			isa = PBXSourcesBuildPhase;
			buildActionMask = 2147483647;
			files = (
				26E91C451C1E6876006D587A /* MailCore2ExampleUITests.m in Sources */,
			);
			runOnlyForDeploymentPostprocessing = 0;
		};
/* End PBXSourcesBuildPhase section */

/* Begin PBXTargetDependency section */
		26E91C371C1E6876006D587A /* PBXTargetDependency */ = {
			isa = PBXTargetDependency;
			target = 26E91C1B1C1E6876006D587A /* MailCore2Example */;
			targetProxy = 26E91C361C1E6876006D587A /* PBXContainerItemProxy */;
		};
		26E91C421C1E6876006D587A /* PBXTargetDependency */ = {
			isa = PBXTargetDependency;
			target = 26E91C1B1C1E6876006D587A /* MailCore2Example */;
			targetProxy = 26E91C411C1E6876006D587A /* PBXContainerItemProxy */;
		};
/* End PBXTargetDependency section */

/* Begin PBXVariantGroup section */
		26E91C281C1E6876006D587A /* Main.storyboard */ = {
			isa = PBXVariantGroup;
			children = (
				26E91C291C1E6876006D587A /* Base */,
			);
			name = Main.storyboard;
			sourceTree = "<group>";
		};
		26E91C2D1C1E6876006D587A /* LaunchScreen.storyboard */ = {
			isa = PBXVariantGroup;
			children = (
				26E91C2E1C1E6876006D587A /* Base */,
			);
			name = LaunchScreen.storyboard;
			sourceTree = "<group>";
		};
/* End PBXVariantGroup section */

/* Begin XCBuildConfiguration section */
		26E91C471C1E6876006D587A /* Debug */ = {
			isa = XCBuildConfiguration;
			buildSettings = {
				ALWAYS_SEARCH_USER_PATHS = NO;
				CLANG_CXX_LANGUAGE_STANDARD = "gnu++0x";
				CLANG_CXX_LIBRARY = "libc++";
				CLANG_ENABLE_MODULES = YES;
				CLANG_ENABLE_OBJC_ARC = YES;
				CLANG_WARN_BOOL_CONVERSION = YES;
				CLANG_WARN_CONSTANT_CONVERSION = YES;
				CLANG_WARN_DIRECT_OBJC_ISA_USAGE = YES_ERROR;
				CLANG_WARN_EMPTY_BODY = YES;
				CLANG_WARN_ENUM_CONVERSION = YES;
				CLANG_WARN_INT_CONVERSION = YES;
				CLANG_WARN_OBJC_ROOT_CLASS = YES_ERROR;
				CLANG_WARN_UNREACHABLE_CODE = YES;
				CLANG_WARN__DUPLICATE_METHOD_MATCH = YES;
				"CODE_SIGN_IDENTITY[sdk=iphoneos*]" = "iPhone Developer";
				COPY_PHASE_STRIP = NO;
				DEBUG_INFORMATION_FORMAT = dwarf;
				ENABLE_STRICT_OBJC_MSGSEND = YES;
				ENABLE_TESTABILITY = YES;
				GCC_C_LANGUAGE_STANDARD = gnu99;
				GCC_DYNAMIC_NO_PIC = NO;
				GCC_NO_COMMON_BLOCKS = YES;
				GCC_OPTIMIZATION_LEVEL = 0;
				GCC_PREPROCESSOR_DEFINITIONS = (
					"DEBUG=1",
					"$(inherited)",
				);
				GCC_WARN_64_TO_32_BIT_CONVERSION = YES;
				GCC_WARN_ABOUT_RETURN_TYPE = YES_ERROR;
				GCC_WARN_UNDECLARED_SELECTOR = YES;
				GCC_WARN_UNINITIALIZED_AUTOS = YES_AGGRESSIVE;
				GCC_WARN_UNUSED_FUNCTION = YES;
				GCC_WARN_UNUSED_VARIABLE = YES;
				IPHONEOS_DEPLOYMENT_TARGET = 9.2;
				MTL_ENABLE_DEBUG_INFO = YES;
				ONLY_ACTIVE_ARCH = YES;
				SDKROOT = iphoneos;
				TARGETED_DEVICE_FAMILY = "1,2";
			};
			name = Debug;
		};
		26E91C481C1E6876006D587A /* Release */ = {
			isa = XCBuildConfiguration;
			buildSettings = {
				ALWAYS_SEARCH_USER_PATHS = NO;
				CLANG_CXX_LANGUAGE_STANDARD = "gnu++0x";
				CLANG_CXX_LIBRARY = "libc++";
				CLANG_ENABLE_MODULES = YES;
				CLANG_ENABLE_OBJC_ARC = YES;
				CLANG_WARN_BOOL_CONVERSION = YES;
				CLANG_WARN_CONSTANT_CONVERSION = YES;
				CLANG_WARN_DIRECT_OBJC_ISA_USAGE = YES_ERROR;
				CLANG_WARN_EMPTY_BODY = YES;
				CLANG_WARN_ENUM_CONVERSION = YES;
				CLANG_WARN_INT_CONVERSION = YES;
				CLANG_WARN_OBJC_ROOT_CLASS = YES_ERROR;
				CLANG_WARN_UNREACHABLE_CODE = YES;
				CLANG_WARN__DUPLICATE_METHOD_MATCH = YES;
				"CODE_SIGN_IDENTITY[sdk=iphoneos*]" = "iPhone Developer";
				COPY_PHASE_STRIP = NO;
				DEBUG_INFORMATION_FORMAT = "dwarf-with-dsym";
				ENABLE_NS_ASSERTIONS = NO;
				ENABLE_STRICT_OBJC_MSGSEND = YES;
				GCC_C_LANGUAGE_STANDARD = gnu99;
				GCC_NO_COMMON_BLOCKS = YES;
				GCC_WARN_64_TO_32_BIT_CONVERSION = YES;
				GCC_WARN_ABOUT_RETURN_TYPE = YES_ERROR;
				GCC_WARN_UNDECLARED_SELECTOR = YES;
				GCC_WARN_UNINITIALIZED_AUTOS = YES_AGGRESSIVE;
				GCC_WARN_UNUSED_FUNCTION = YES;
				GCC_WARN_UNUSED_VARIABLE = YES;
				IPHONEOS_DEPLOYMENT_TARGET = 9.2;
				MTL_ENABLE_DEBUG_INFO = NO;
				SDKROOT = iphoneos;
				TARGETED_DEVICE_FAMILY = "1,2";
				VALIDATE_PRODUCT = YES;
			};
			name = Release;
		};
		26E91C4A1C1E6876006D587A /* Debug */ = {
			isa = XCBuildConfiguration;
			baseConfigurationReference = 0ED1E972E9F8A50D268FDF0D /* Pods-MailCore2Example.debug.xcconfig */;
			buildSettings = {
				ASSETCATALOG_COMPILER_APPICON_NAME = AppIcon;
				INFOPLIST_FILE = MailCore2Example/Info.plist;
				LD_RUNPATH_SEARCH_PATHS = "$(inherited) @executable_path/Frameworks";
				PRODUCT_BUNDLE_IDENTIFIER = com.pccw.MailCore2Example;
				PRODUCT_NAME = "$(TARGET_NAME)";
			};
			name = Debug;
		};
		26E91C4B1C1E6876006D587A /* Release */ = {
			isa = XCBuildConfiguration;
			baseConfigurationReference = 67774A9807FF5E85813C5219 /* Pods-MailCore2Example.release.xcconfig */;
			buildSettings = {
				ASSETCATALOG_COMPILER_APPICON_NAME = AppIcon;
				INFOPLIST_FILE = MailCore2Example/Info.plist;
				LD_RUNPATH_SEARCH_PATHS = "$(inherited) @executable_path/Frameworks";
				PRODUCT_BUNDLE_IDENTIFIER = com.pccw.MailCore2Example;
				PRODUCT_NAME = "$(TARGET_NAME)";
			};
			name = Release;
		};
		26E91C4D1C1E6876006D587A /* Debug */ = {
			isa = XCBuildConfiguration;
			buildSettings = {
				BUNDLE_LOADER = "$(TEST_HOST)";
				INFOPLIST_FILE = MailCore2ExampleTests/Info.plist;
				LD_RUNPATH_SEARCH_PATHS = "$(inherited) @executable_path/Frameworks @loader_path/Frameworks";
				PRODUCT_BUNDLE_IDENTIFIER = com.pccw.MailCore2ExampleTests;
				PRODUCT_NAME = "$(TARGET_NAME)";
				TEST_HOST = "$(BUILT_PRODUCTS_DIR)/MailCore2Example.app/MailCore2Example";
			};
			name = Debug;
		};
		26E91C4E1C1E6876006D587A /* Release */ = {
			isa = XCBuildConfiguration;
			buildSettings = {
				BUNDLE_LOADER = "$(TEST_HOST)";
				INFOPLIST_FILE = MailCore2ExampleTests/Info.plist;
				LD_RUNPATH_SEARCH_PATHS = "$(inherited) @executable_path/Frameworks @loader_path/Frameworks";
				PRODUCT_BUNDLE_IDENTIFIER = com.pccw.MailCore2ExampleTests;
				PRODUCT_NAME = "$(TARGET_NAME)";
				TEST_HOST = "$(BUILT_PRODUCTS_DIR)/MailCore2Example.app/MailCore2Example";
			};
			name = Release;
		};
		26E91C501C1E6876006D587A /* Debug */ = {
			isa = XCBuildConfiguration;
			buildSettings = {
				INFOPLIST_FILE = MailCore2ExampleUITests/Info.plist;
				LD_RUNPATH_SEARCH_PATHS = "$(inherited) @executable_path/Frameworks @loader_path/Frameworks";
				PRODUCT_BUNDLE_IDENTIFIER = com.pccw.MailCore2ExampleUITests;
				PRODUCT_NAME = "$(TARGET_NAME)";
				TEST_TARGET_NAME = MailCore2Example;
				USES_XCTRUNNER = YES;
			};
			name = Debug;
		};
		26E91C511C1E6876006D587A /* Release */ = {
			isa = XCBuildConfiguration;
			buildSettings = {
				INFOPLIST_FILE = MailCore2ExampleUITests/Info.plist;
				LD_RUNPATH_SEARCH_PATHS = "$(inherited) @executable_path/Frameworks @loader_path/Frameworks";
				PRODUCT_BUNDLE_IDENTIFIER = com.pccw.MailCore2ExampleUITests;
				PRODUCT_NAME = "$(TARGET_NAME)";
				TEST_TARGET_NAME = MailCore2Example;
				USES_XCTRUNNER = YES;
			};
			name = Release;
		};
/* End XCBuildConfiguration section */

/* Begin XCConfigurationList section */
		26E91C171C1E6876006D587A /* Build configuration list for PBXProject "MailCore2Example" */ = {
			isa = XCConfigurationList;
			buildConfigurations = (
				26E91C471C1E6876006D587A /* Debug */,
				26E91C481C1E6876006D587A /* Release */,
			);
			defaultConfigurationIsVisible = 0;
			defaultConfigurationName = Release;
		};
		26E91C491C1E6876006D587A /* Build configuration list for PBXNativeTarget "MailCore2Example" */ = {
			isa = XCConfigurationList;
			buildConfigurations = (
				26E91C4A1C1E6876006D587A /* Debug */,
				26E91C4B1C1E6876006D587A /* Release */,
			);
			defaultConfigurationIsVisible = 0;
			defaultConfigurationName = Release;
		};
		26E91C4C1C1E6876006D587A /* Build configuration list for PBXNativeTarget "MailCore2ExampleTests" */ = {
			isa = XCConfigurationList;
			buildConfigurations = (
				26E91C4D1C1E6876006D587A /* Debug */,
				26E91C4E1C1E6876006D587A /* Release */,
			);
			defaultConfigurationIsVisible = 0;
			defaultConfigurationName = Release;
		};
		26E91C4F1C1E6876006D587A /* Build configuration list for PBXNativeTarget "MailCore2ExampleUITests" */ = {
			isa = XCConfigurationList;
			buildConfigurations = (
				26E91C501C1E6876006D587A /* Debug */,
				26E91C511C1E6876006D587A /* Release */,
			);
			defaultConfigurationIsVisible = 0;
			defaultConfigurationName = Release;
		};
/* End XCConfigurationList section */
	};
	rootObject = 26E91C141C1E6876006D587A /* Project object */;
}
